
Microsoft Visual Studio Solution File, Format Version 12.00
Project("{FAE04EC0-301F-11D3-BF4B-00C04F79EFBC}") = "Cwiczenia7", "Cwiczenia7\Cwiczenia7.csproj", "{482AF8CB-94C6-4B01-B51B-9868ADBE2450}"
EndProject
Global
	GlobalSection(SolutionConfigurationPlatforms) = preSolution
		Debug|Any CPU = Debug|Any CPU
		Release|Any CPU = Release|Any CPU
	EndGlobalSection
	GlobalSection(ProjectConfigurationPlatforms) = postSolution
		{482AF8CB-94C6-4B01-B51B-9868ADBE2450}.Debug|Any CPU.ActiveCfg = Debug|Any CPU
		{482AF8CB-94C6-4B01-B51B-9868ADBE2450}.Debug|Any CPU.Build.0 = Debug|Any CPU
		{482AF8CB-94C6-4B01-B51B-9868ADBE2450}.Release|Any CPU.ActiveCfg = Release|Any CPU
		{482AF8CB-94C6-4B01-B51B-9868ADBE2450}.Release|Any CPU.Build.0 = Release|Any CPU
	EndGlobalSection
EndGlobal
